
Microsoft Visual Studio Solution File, Format Version 12.00
# Visual Studio Version 17
VisualStudioVersion = 17.8.34322.80
MinimumVisualStudioVersion = 10.0.40219.1
Project("{FAE04EC0-301F-11D3-BF4B-00C04F79EFBC}") = "array_2d_005", "array_2d_005\array_2d_005.csproj", "{1955AD4B-8A2D-40FB-81F2-2E969D67FAA1}"
EndProject
Global
	GlobalSection(SolutionConfigurationPlatforms) = preSolution
		Debug|Any CPU = Debug|Any CPU
		Release|Any CPU = Release|Any CPU
	EndGlobalSection
	GlobalSection(ProjectConfigurationPlatforms) = postSolution
		{1955AD4B-8A2D-40FB-81F2-2E969D67FAA1}.Debug|Any CPU.ActiveCfg = Debug|Any CPU
		{1955AD4B-8A2D-40FB-81F2-2E969D67FAA1}.Debug|Any CPU.Build.0 = Debug|Any CPU
		{1955AD4B-8A2D-40FB-81F2-2E969D67FAA1}.Release|Any CPU.ActiveCfg = Release|Any CPU
		{1955AD4B-8A2D-40FB-81F2-2E969D67FAA1}.Release|Any CPU.Build.0 = Release|Any CPU
	EndGlobalSection
	GlobalSection(SolutionProperties) = preSolution
		HideSolutionNode = FALSE
	EndGlobalSection
	GlobalSection(ExtensibilityGlobals) = postSolution
		SolutionGuid = {DEF41559-38FE-43D6-BF37-8F7B2942B59E}
	EndGlobalSection
EndGlobal
