
Microsoft Visual Studio Solution File, Format Version 12.00
# Visual Studio Version 17
VisualStudioVersion = 17.8.34322.80
MinimumVisualStudioVersion = 10.0.40219.1
Project("{FAE04EC0-301F-11D3-BF4B-00C04F79EFBC}") = "array_004", "array_004\array_004.csproj", "{E673F9E7-F386-492C-A584-787C67FEEAFC}"
EndProject
Global
	GlobalSection(SolutionConfigurationPlatforms) = preSolution
		Debug|Any CPU = Debug|Any CPU
		Release|Any CPU = Release|Any CPU
	EndGlobalSection
	GlobalSection(ProjectConfigurationPlatforms) = postSolution
		{E673F9E7-F386-492C-A584-787C67FEEAFC}.Debug|Any CPU.ActiveCfg = Debug|Any CPU
		{E673F9E7-F386-492C-A584-787C67FEEAFC}.Debug|Any CPU.Build.0 = Debug|Any CPU
		{E673F9E7-F386-492C-A584-787C67FEEAFC}.Release|Any CPU.ActiveCfg = Release|Any CPU
		{E673F9E7-F386-492C-A584-787C67FEEAFC}.Release|Any CPU.Build.0 = Release|Any CPU
	EndGlobalSection
	GlobalSection(SolutionProperties) = preSolution
		HideSolutionNode = FALSE
	EndGlobalSection
	GlobalSection(ExtensibilityGlobals) = postSolution
		SolutionGuid = {9EA685C4-0D92-4325-BC07-DA55BAA7184B}
	EndGlobalSection
EndGlobal
