
Microsoft Visual Studio Solution File, Format Version 12.00
# Visual Studio Version 17
VisualStudioVersion = 17.8.34322.80
MinimumVisualStudioVersion = 10.0.40219.1
Project("{FAE04EC0-301F-11D3-BF4B-00C04F79EFBC}") = "HW_001", "HW_001\HW_001.csproj", "{22F2A108-5D67-462F-9669-3B2E67916BEF}"
EndProject
Global
	GlobalSection(SolutionConfigurationPlatforms) = preSolution
		Debug|Any CPU = Debug|Any CPU
		Release|Any CPU = Release|Any CPU
	EndGlobalSection
	GlobalSection(ProjectConfigurationPlatforms) = postSolution
		{22F2A108-5D67-462F-9669-3B2E67916BEF}.Debug|Any CPU.ActiveCfg = Debug|Any CPU
		{22F2A108-5D67-462F-9669-3B2E67916BEF}.Debug|Any CPU.Build.0 = Debug|Any CPU
		{22F2A108-5D67-462F-9669-3B2E67916BEF}.Release|Any CPU.ActiveCfg = Release|Any CPU
		{22F2A108-5D67-462F-9669-3B2E67916BEF}.Release|Any CPU.Build.0 = Release|Any CPU
	EndGlobalSection
	GlobalSection(SolutionProperties) = preSolution
		HideSolutionNode = FALSE
	EndGlobalSection
	GlobalSection(ExtensibilityGlobals) = postSolution
		SolutionGuid = {742DB0E7-1158-4F91-BCB0-169FA5CE0851}
	EndGlobalSection
EndGlobal
